{
	"name": "@react-vertex/material-hooks",
	"version": "2.1.0",
	"lockfileVersion": 1,
	"requires": true,
	"dependencies": {
		"@babel/runtime": {
			"version": "7.4.3",
			"resolved": "https://registry.npmjs.org/@babel/runtime/-/runtime-7.4.3.tgz",
			"integrity": "sha512-9lsJwJLxDh/T3Q3SZszfWOTkk3pHbkmH+3KY+zwIDmsNlxsumuhS2TH3NIpktU4kNvfzy+k3eLT7aTJSPTo0OA==",
			"requires": {
				"regenerator-runtime": "^0.13.2"
			}
		},
		"glsl-diffuse-oren-nayar": {
			"version": "1.0.2",
			"resolved": "https://registry.npmjs.org/glsl-diffuse-oren-nayar/-/glsl-diffuse-oren-nayar-1.0.2.tgz",
			"integrity": "sha1-8LEIJEB338LIGu6NeKO133q61uQ=",
			"dev": true
		},
		"glsl-gamma": {
			"version": "2.0.0",
			"resolved": "https://registry.npmjs.org/glsl-gamma/-/glsl-gamma-2.0.0.tgz",
			"integrity": "sha1-wAqUAb1KNWewZ0z2lcMNHAD2kso=",
			"dev": true
		},
		"glsl-inverse": {
			"version": "1.0.0",
			"resolved": "https://registry.npmjs.org/glsl-inverse/-/glsl-inverse-1.0.0.tgz",
			"integrity": "sha1-EsCx0GX1WERNHm/q95td34qRiuY=",
			"dev": true
		},
		"glsl-perturb-normal": {
			"version": "1.0.3",
			"resolved": "https://registry.npmjs.org/glsl-perturb-normal/-/glsl-perturb-normal-1.0.3.tgz",
			"integrity": "sha512-Vb3wGIPqDso1QfHVhnHEUMhii4YWjTGoH9lYLghY5aw79/5eYgOzFB3jfkdKt9xCRjQfk1BKp5FNyE3OL+BmnQ==",
			"dev": true
		},
		"glsl-specular-phong": {
			"version": "1.0.0",
			"resolved": "https://registry.npmjs.org/glsl-specular-phong/-/glsl-specular-phong-1.0.0.tgz",
			"integrity": "sha1-oEUICORinuZMy0YLfuBCWpe/YgQ=",
			"dev": true
		},
		"glsl-transpose": {
			"version": "1.0.0",
			"resolved": "https://registry.npmjs.org/glsl-transpose/-/glsl-transpose-1.0.0.tgz",
			"integrity": "sha1-Y6RKJIJur7x4B9fGzR1ZHAGWrpA=",
			"dev": true
		},
		"regenerator-runtime": {
			"version": "0.13.2",
			"resolved": "https://registry.npmjs.org/regenerator-runtime/-/regenerator-runtime-0.13.2.tgz",
			"integrity": "sha512-S/TQAZJO+D3m9xeN1WTI8dLKBBiRgXBlTJvbWjCThHWZj9EvHK70Ff50/tYj2J/fvBY6JtFVwRuazHN2E7M9BA=="
		}
	}
}
