# THIS IS AN AUTOGENERATED FILE. DO NOT EDIT THIS FILE DIRECTLY.
# yarn lockfile v1


"@babel/runtime@^7.4.3":
  version "7.13.4"
  resolved "https://registry.yarnpkg.com/@babel/runtime/-/runtime-7.13.4.tgz#a2f5b5304d6f98a94053e6737321501347325617"
  integrity sha512-pZLFG10nRL1hPF9J0/WdxjVuLEanSge8W3Ct+Kls9fNhD4vOi9bhuAU8DdNARvBE9GTg6UhQFcEIF1XhIZd9ZA==
  dependencies:
    regenerator-runtime "^0.13.4"

glsl-diffuse-oren-nayar@^1.0.2:
  version "1.0.2"
  resolved "https://registry.yarnpkg.com/glsl-diffuse-oren-nayar/-/glsl-diffuse-oren-nayar-1.0.2.tgz#f0b108244077dfc2c81aee8d78a3b5df7abad6e4"
  integrity sha1-8LEIJEB338LIGu6NeKO133q61uQ=

glsl-gamma@^2.0.0:
  version "2.0.0"
  resolved "https://registry.yarnpkg.com/glsl-gamma/-/glsl-gamma-2.0.0.tgz#c00a9401bd4a3567b0674cf695c30d1c00f692ca"
  integrity sha1-wAqUAb1KNWewZ0z2lcMNHAD2kso=

glsl-inverse@^1.0.0:
  version "1.0.0"
  resolved "https://registry.yarnpkg.com/glsl-inverse/-/glsl-inverse-1.0.0.tgz#12c0b1d065f558444d1e6feaf79b5ddf8a918ae6"
  integrity sha1-EsCx0GX1WERNHm/q95td34qRiuY=

glsl-perturb-normal@^1.0.3:
  version "1.0.3"
  resolved "https://registry.yarnpkg.com/glsl-perturb-normal/-/glsl-perturb-normal-1.0.3.tgz#aa24423a68c447094db7df4fc23e60c268d36255"
  integrity sha512-Vb3wGIPqDso1QfHVhnHEUMhii4YWjTGoH9lYLghY5aw79/5eYgOzFB3jfkdKt9xCRjQfk1BKp5FNyE3OL+BmnQ==

glsl-specular-phong@^1.0.0:
  version "1.0.0"
  resolved "https://registry.yarnpkg.com/glsl-specular-phong/-/glsl-specular-phong-1.0.0.tgz#a0450808e4629ee64ccb460b7ee0425a97bf6204"
  integrity sha1-oEUICORinuZMy0YLfuBCWpe/YgQ=

glsl-transpose@^1.0.0:
  version "1.0.0"
  resolved "https://registry.yarnpkg.com/glsl-transpose/-/glsl-transpose-1.0.0.tgz#63a44a24826eafbc7807d7c6cd1d591c0196ae90"
  integrity sha1-Y6RKJIJur7x4B9fGzR1ZHAGWrpA=

regenerator-runtime@^0.13.4:
  version "0.13.7"
  resolved "https://registry.yarnpkg.com/regenerator-runtime/-/regenerator-runtime-0.13.7.tgz#cac2dacc8a1ea675feaabaeb8ae833898ae46f55"
  integrity sha512-a54FxoJDIr27pgf7IgeQGxmqUNYrcV338lf/6gH456HZ/PhX+5BcwHXG9ajESmwe6WRO0tAzRUrRmNONWgkrew==
