# THIS IS AN AUTOGENERATED FILE. DO NOT EDIT THIS FILE DIRECTLY.
# yarn lockfile v1


"@babel/runtime@^7.4.3":
  version "7.13.4"
  resolved "https://registry.yarnpkg.com/@babel/runtime/-/runtime-7.13.4.tgz#a2f5b5304d6f98a94053e6737321501347325617"
  integrity sha512-pZLFG10nRL1hPF9J0/WdxjVuLEanSge8W3Ct+Kls9fNhD4vOi9bhuAU8DdNARvBE9GTg6UhQFcEIF1XhIZd9ZA==
  dependencies:
    regenerator-runtime "^0.13.4"

hex-rgb@^4.2.0:
  version "4.2.0"
  resolved "https://registry.yarnpkg.com/hex-rgb/-/hex-rgb-4.2.0.tgz#fb377f2e5658fc924f1efa189685922e56ecaf0f"
  integrity sha512-I7DkKeQ2kR2uyqgbxPgNgClH/rfs1ioKZhZW8VTIAirsxCR5EyhYeywgZbhMScgUbKCkgo6bb6JwA0CLTn9beA==

regenerator-runtime@^0.13.4:
  version "0.13.7"
  resolved "https://registry.yarnpkg.com/regenerator-runtime/-/regenerator-runtime-0.13.7.tgz#cac2dacc8a1ea675feaabaeb8ae833898ae46f55"
  integrity sha512-a54FxoJDIr27pgf7IgeQGxmqUNYrcV338lf/6gH456HZ/PhX+5BcwHXG9ajESmwe6WRO0tAzRUrRmNONWgkrew==

rgb-hex@^3.0.0:
  version "3.0.0"
  resolved "https://registry.yarnpkg.com/rgb-hex/-/rgb-hex-3.0.0.tgz#eab0168cc1279563b18a14605315389142e2e487"
  integrity sha512-8h7ZcwxCBDKvchSWbWngJuSCqJGQ6nDuLLg+QcRyQDbX9jMWt+PpPeXAhSla0GOooEomk3lCprUpGkMdsLjKyg==
