# THIS IS AN AUTOGENERATED FILE. DO NOT EDIT THIS FILE DIRECTLY.
# yarn lockfile v1


"@babel/runtime@^7.4.3":
  version "7.13.4"
  resolved "https://registry.yarnpkg.com/@babel/runtime/-/runtime-7.13.4.tgz#a2f5b5304d6f98a94053e6737321501347325617"
  integrity sha512-pZLFG10nRL1hPF9J0/WdxjVuLEanSge8W3Ct+Kls9fNhD4vOi9bhuAU8DdNARvBE9GTg6UhQFcEIF1XhIZd9ZA==
  dependencies:
    regenerator-runtime "^0.13.4"

"@react-vertex/core@*":
  version "3.0.0"
  resolved "https://registry.yarnpkg.com/@react-vertex/core/-/core-3.0.0.tgz#d6dddd60318313ef55d4690369b930a1437f29c5"
  integrity sha512-hg94ejB2ghlxj503vVHKk2oHrvaMXdvWfSWTu0N/xf5do5twCA6oB5pyCFLEUwMLnyVEIH8JwiGFouRekLTCEQ==
  dependencies:
    "@babel/runtime" "^7.4.3"
    gl-matrix "^3.3.0"
    lodash.throttle "^4.1.1"
    prop-types "^15.7.2"
    react-reconciler "0.20.4"
    scheduler "0.13.2"
    warning "^4.0.3"

"@types/lodash.throttle@^4.1.6":
  version "4.1.6"
  resolved "https://registry.yarnpkg.com/@types/lodash.throttle/-/lodash.throttle-4.1.6.tgz#f5ba2c22244ee42ff6c2c49e614401a870c1009c"
  integrity sha512-/UIH96i/sIRYGC60NoY72jGkCJtFN5KVPhEMMMTjol65effe1gPn0tycJqV5tlSwMTzX8FqzB5yAj0rfGHTPNg==
  dependencies:
    "@types/lodash" "*"

"@types/lodash@*":
  version "4.14.168"
  resolved "https://registry.yarnpkg.com/@types/lodash/-/lodash-4.14.168.tgz#fe24632e79b7ade3f132891afff86caa5e5ce008"
  integrity sha512-oVfRvqHV/V6D1yifJbVRU3TMp8OT6o6BG+U9MkwuJ3U8/CsDHvalRpsxBqivn71ztOFZBTfJMvETbqHiaNSj7Q==

gl-matrix@^3.3.0:
  version "3.3.0"
  resolved "https://registry.yarnpkg.com/gl-matrix/-/gl-matrix-3.3.0.tgz#232eef60b1c8b30a28cbbe75b2caf6c48fd6358b"
  integrity sha512-COb7LDz+SXaHtl/h4LeaFcNdJdAQSDeVqjiIihSXNrkWObZLhDI4hIkZC11Aeqp7bcE72clzB0BnDXr2SmslRA==

"js-tokens@^3.0.0 || ^4.0.0":
  version "4.0.0"
  resolved "https://registry.yarnpkg.com/js-tokens/-/js-tokens-4.0.0.tgz#19203fb59991df98e3a287050d4647cdeaf32499"
  integrity sha512-RdJUflcE3cUzKiMqQgsCu06FPu9UdIJO0beYbPhHN4k6apgJtifcoCtT9bcxOpYBtpD2kCM6Sbzg4CausW/PKQ==

lodash.throttle@^4.1.1:
  version "4.1.1"
  resolved "https://registry.yarnpkg.com/lodash.throttle/-/lodash.throttle-4.1.1.tgz#c23e91b710242ac70c37f1e1cda9274cc39bf2f4"
  integrity sha1-wj6RtxAkKscMN/HhzaknTMOb8vQ=

loose-envify@^1.0.0, loose-envify@^1.1.0, loose-envify@^1.4.0:
  version "1.4.0"
  resolved "https://registry.yarnpkg.com/loose-envify/-/loose-envify-1.4.0.tgz#71ee51fa7be4caec1a63839f7e682d8132d30caf"
  integrity sha512-lyuxPGr/Wfhrlem2CL/UcnUc1zcqKAImBDzukY7Y5F/yQiNdko6+fRLevlw1HgMySw7f611UIY408EtxRSoK3Q==
  dependencies:
    js-tokens "^3.0.0 || ^4.0.0"

object-assign@^4.1.1:
  version "4.1.1"
  resolved "https://registry.yarnpkg.com/object-assign/-/object-assign-4.1.1.tgz#2109adc7965887cfc05cbbd442cac8bfbb360863"
  integrity sha1-IQmtx5ZYh8/AXLvUQsrIv7s2CGM=

prop-types@^15.6.2, prop-types@^15.7.2:
  version "15.7.2"
  resolved "https://registry.yarnpkg.com/prop-types/-/prop-types-15.7.2.tgz#52c41e75b8c87e72b9d9360e0206b99dcbffa6c5"
  integrity sha512-8QQikdH7//R2vurIJSutZ1smHYTcLpRWEOlHnzcWHmBYrOGUysKwSsrC89BCiFj3CbrfJ/nXFdJepOVrY1GCHQ==
  dependencies:
    loose-envify "^1.4.0"
    object-assign "^4.1.1"
    react-is "^16.8.1"

react-is@^16.8.1:
  version "16.13.1"
  resolved "https://registry.yarnpkg.com/react-is/-/react-is-16.13.1.tgz#789729a4dc36de2999dc156dd6c1d9c18cea56a4"
  integrity sha512-24e6ynE2H+OKt4kqsOvNd8kBpV65zoxbA4BVsEOB3ARVWQki/DHzaUoC5KuON/BiccDaCCTZBuOcfZs70kR8bQ==

react-reconciler@0.20.4:
  version "0.20.4"
  resolved "https://registry.yarnpkg.com/react-reconciler/-/react-reconciler-0.20.4.tgz#3da6a95841592f849cb4edd3d38676c86fd920b2"
  integrity sha512-kxERc4H32zV2lXMg/iMiwQHOtyqf15qojvkcZ5Ja2CPkjVohHw9k70pdDBwrnQhLVetUJBSYyqU3yqrlVTOajA==
  dependencies:
    loose-envify "^1.1.0"
    object-assign "^4.1.1"
    prop-types "^15.6.2"
    scheduler "^0.13.6"

regenerator-runtime@^0.13.4:
  version "0.13.7"
  resolved "https://registry.yarnpkg.com/regenerator-runtime/-/regenerator-runtime-0.13.7.tgz#cac2dacc8a1ea675feaabaeb8ae833898ae46f55"
  integrity sha512-a54FxoJDIr27pgf7IgeQGxmqUNYrcV338lf/6gH456HZ/PhX+5BcwHXG9ajESmwe6WRO0tAzRUrRmNONWgkrew==

scheduler@0.13.2:
  version "0.13.2"
  resolved "https://registry.yarnpkg.com/scheduler/-/scheduler-0.13.2.tgz#969eaee2764a51d2e97b20a60963b2546beff8fa"
  integrity sha512-qK5P8tHS7vdEMCW5IPyt8v9MJOHqTrOUgPXib7tqm9vh834ibBX5BNhwkplX/0iOzHW5sXyluehYfS9yrkz9+w==
  dependencies:
    loose-envify "^1.1.0"
    object-assign "^4.1.1"

scheduler@^0.13.6:
  version "0.13.6"
  resolved "https://registry.yarnpkg.com/scheduler/-/scheduler-0.13.6.tgz#466a4ec332467b31a91b9bf74e5347072e4cd889"
  integrity sha512-IWnObHt413ucAYKsD9J1QShUKkbKLQQHdxRyw73sw4FN26iWr3DY/H34xGPe4nmL1DwXyWmSWmMrA9TfQbE/XQ==
  dependencies:
    loose-envify "^1.1.0"
    object-assign "^4.1.1"

warning@^4.0.3:
  version "4.0.3"
  resolved "https://registry.yarnpkg.com/warning/-/warning-4.0.3.tgz#16e9e077eb8a86d6af7d64aa1e05fd85b4678ca3"
  integrity sha512-rpJyN222KWIvHJ/F53XSZv0Zl/accqHR8et1kpaMTD/fLCRxtV8iX8czMzY7sVZupTI3zcUTg8eycS2kNF9l6w==
  dependencies:
    loose-envify "^1.0.0"
