# THIS IS AN AUTOGENERATED FILE. DO NOT EDIT THIS FILE DIRECTLY.
# yarn lockfile v1


"@babel/runtime@^7.4.3":
  version "7.13.4"
  resolved "https://registry.yarnpkg.com/@babel/runtime/-/runtime-7.13.4.tgz#a2f5b5304d6f98a94053e6737321501347325617"
  integrity sha512-pZLFG10nRL1hPF9J0/WdxjVuLEanSge8W3Ct+Kls9fNhD4vOi9bhuAU8DdNARvBE9GTg6UhQFcEIF1XhIZd9ZA==
  dependencies:
    regenerator-runtime "^0.13.4"

regenerator-runtime@^0.13.4:
  version "0.13.7"
  resolved "https://registry.yarnpkg.com/regenerator-runtime/-/regenerator-runtime-0.13.7.tgz#cac2dacc8a1ea675feaabaeb8ae833898ae46f55"
  integrity sha512-a54FxoJDIr27pgf7IgeQGxmqUNYrcV338lf/6gH456HZ/PhX+5BcwHXG9ajESmwe6WRO0tAzRUrRmNONWgkrew==
