# THIS IS AN AUTOGENERATED FILE. DO NOT EDIT THIS FILE DIRECTLY.
# yarn lockfile v1


"@babel/runtime@^7.12.0", "@babel/runtime@^7.12.5", "@babel/runtime@^7.4.3", "@babel/runtime@^7.5.5", "@babel/runtime@^7.7.2", "@babel/runtime@^7.8.7":
  version "7.13.4"
  resolved "https://registry.yarnpkg.com/@babel/runtime/-/runtime-7.13.4.tgz#a2f5b5304d6f98a94053e6737321501347325617"
  integrity sha512-pZLFG10nRL1hPF9J0/WdxjVuLEanSge8W3Ct+Kls9fNhD4vOi9bhuAU8DdNARvBE9GTg6UhQFcEIF1XhIZd9ZA==
  dependencies:
    regenerator-runtime "^0.13.4"

"@emotion/cache@^11.0.0", "@emotion/cache@^11.1.3":
  version "11.1.3"
  resolved "https://registry.yarnpkg.com/@emotion/cache/-/cache-11.1.3.tgz#c7683a9484bcd38d5562f2b9947873cf66829afd"
  integrity sha512-n4OWinUPJVaP6fXxWZD9OUeQ0lY7DvtmtSuqtRWT0Ofo/sBLCVSgb4/Oa0Q5eFxcwablRKjUXqXtNZVyEwCAuA==
  dependencies:
    "@emotion/memoize" "^0.7.4"
    "@emotion/sheet" "^1.0.0"
    "@emotion/utils" "^1.0.0"
    "@emotion/weak-memoize" "^0.2.5"
    stylis "^4.0.3"

"@emotion/hash@^0.8.0":
  version "0.8.0"
  resolved "https://registry.yarnpkg.com/@emotion/hash/-/hash-0.8.0.tgz#bbbff68978fefdbe68ccb533bc8cbe1d1afb5413"
  integrity sha512-kBJtf7PH6aWwZ6fka3zQ0p6SBYzx4fl1LoZXE2RrnYST9Xljm7WfKJrU4g/Xr3Beg72MLrp1AWNUmuYJTL7Cow==

"@emotion/memoize@^0.7.4":
  version "0.7.5"
  resolved "https://registry.yarnpkg.com/@emotion/memoize/-/memoize-0.7.5.tgz#2c40f81449a4e554e9fc6396910ed4843ec2be50"
  integrity sha512-igX9a37DR2ZPGYtV6suZ6whr8pTFtyHL3K/oLUotxpSVO2ASaprmAe2Dkq7tBo7CRY7MMDrAa9nuQP9/YG8FxQ==

"@emotion/react@^11.1.1":
  version "11.1.5"
  resolved "https://registry.yarnpkg.com/@emotion/react/-/react-11.1.5.tgz#15e78f9822894cdc296e6f4e0688bac8120dfe66"
  integrity sha512-xfnZ9NJEv9SU9K2sxXM06lzjK245xSeHRpUh67eARBm3PBHjjKIZlfWZ7UQvD0Obvw6ZKjlC79uHrlzFYpOB/Q==
  dependencies:
    "@babel/runtime" "^7.7.2"
    "@emotion/cache" "^11.1.3"
    "@emotion/serialize" "^1.0.0"
    "@emotion/sheet" "^1.0.1"
    "@emotion/utils" "^1.0.0"
    "@emotion/weak-memoize" "^0.2.5"
    hoist-non-react-statics "^3.3.1"

"@emotion/serialize@^1.0.0":
  version "1.0.0"
  resolved "https://registry.yarnpkg.com/@emotion/serialize/-/serialize-1.0.0.tgz#1a61f4f037cf39995c97fc80ebe99abc7b191ca9"
  integrity sha512-zt1gm4rhdo5Sry8QpCOpopIUIKU+mUSpV9WNmFILUraatm5dttNEaYzUWWSboSMUE6PtN2j1cAsuvcugfdI3mw==
  dependencies:
    "@emotion/hash" "^0.8.0"
    "@emotion/memoize" "^0.7.4"
    "@emotion/unitless" "^0.7.5"
    "@emotion/utils" "^1.0.0"
    csstype "^3.0.2"

"@emotion/sheet@^1.0.0", "@emotion/sheet@^1.0.1":
  version "1.0.1"
  resolved "https://registry.yarnpkg.com/@emotion/sheet/-/sheet-1.0.1.tgz#245f54abb02dfd82326e28689f34c27aa9b2a698"
  integrity sha512-GbIvVMe4U+Zc+929N1V7nW6YYJtidj31lidSmdYcWozwoBIObXBnaJkKNDjZrLm9Nc0BR+ZyHNaRZxqNZbof5g==

"@emotion/unitless@^0.7.5":
  version "0.7.5"
  resolved "https://registry.yarnpkg.com/@emotion/unitless/-/unitless-0.7.5.tgz#77211291c1900a700b8a78cfafda3160d76949ed"
  integrity sha512-OWORNpfjMsSSUBVrRBVGECkhWcULOAJz9ZW8uK9qgxD+87M7jHRcvh/A96XXNhXTLmKcoYSQtBEX7lHMO7YRwg==

"@emotion/utils@^1.0.0":
  version "1.0.0"
  resolved "https://registry.yarnpkg.com/@emotion/utils/-/utils-1.0.0.tgz#abe06a83160b10570816c913990245813a2fd6af"
  integrity sha512-mQC2b3XLDs6QCW+pDQDiyO/EdGZYOygE8s5N5rrzjSI4M3IejPE/JPndCBwRT9z982aqQNi6beWs1UeayrQxxA==

"@emotion/weak-memoize@^0.2.5":
  version "0.2.5"
  resolved "https://registry.yarnpkg.com/@emotion/weak-memoize/-/weak-memoize-0.2.5.tgz#8eed982e2ee6f7f4e44c253e12962980791efd46"
  integrity sha512-6U71C2Wp7r5XtFtQzYrW5iKFT67OixrSxjI4MptCHzdSVlgabczzqLe0ZSgnub/5Kp4hSbpDB1tMytZY9pwxxA==

"@icons/material@^0.2.4":
  version "0.2.4"
  resolved "https://registry.yarnpkg.com/@icons/material/-/material-0.2.4.tgz#e90c9f71768b3736e76d7dd6783fc6c2afa88bc8"
  integrity sha512-QPcGmICAPbGLGb6F/yNf/KzKqvFx8z5qx3D1yFqVAjoFmXK35EgyW+cJ57Te3CNsmzblwtzakLGFqHPqrfb4Tw==

"@react-vertex/color-hooks@^2.0.0":
  version "2.0.0"
  resolved "https://registry.yarnpkg.com/@react-vertex/color-hooks/-/color-hooks-2.0.0.tgz#0f3157d5a660bedb49fb40b7b8c87086eecc1d58"
  integrity sha512-T4RMsmUpYLpV4VhLhzJCbH59dcjmU5uAePqRK0mr3+aux9I2k/4BvOEtyemoTb/bh2i1SqrTFtez/KPSg3KhqA==
  dependencies:
    "@babel/runtime" "^7.4.3"
    hex-rgb "^4.2.0"
    rgb-hex "^3.0.0"

"@react-vertex/core@*":
  version "3.0.0"
  resolved "https://registry.yarnpkg.com/@react-vertex/core/-/core-3.0.0.tgz#d6dddd60318313ef55d4690369b930a1437f29c5"
  integrity sha512-hg94ejB2ghlxj503vVHKk2oHrvaMXdvWfSWTu0N/xf5do5twCA6oB5pyCFLEUwMLnyVEIH8JwiGFouRekLTCEQ==
  dependencies:
    "@babel/runtime" "^7.4.3"
    gl-matrix "^3.3.0"
    lodash.throttle "^4.1.1"
    prop-types "^15.7.2"
    react-reconciler "0.20.4"
    scheduler "0.13.2"
    warning "^4.0.3"

"@types/prop-types@*":
  version "15.7.3"
  resolved "https://registry.yarnpkg.com/@types/prop-types/-/prop-types-15.7.3.tgz#2ab0d5da2e5815f94b0b9d4b95d1e5f243ab2ca7"
  integrity sha512-KfRL3PuHmqQLOG+2tGpRO26Ctg+Cq1E01D2DMriKEATHgWLfeNDmq9e29Q9WIky0dQ3NPkd1mzYH8Lm936Z9qw==

"@types/react-color@^3.0.4":
  version "3.0.4"
  resolved "https://registry.yarnpkg.com/@types/react-color/-/react-color-3.0.4.tgz#c63daf012ad067ac0127bdd86725f079d02082bd"
  integrity sha512-EswbYJDF1kkrx93/YU+BbBtb46CCtDMvTiGmcOa/c5PETnwTiSWoseJ1oSWeRl/4rUXkhME9bVURvvPg0W5YQw==
  dependencies:
    "@types/react" "*"
    "@types/reactcss" "*"

"@types/react-dom@*":
  version "17.0.1"
  resolved "https://registry.yarnpkg.com/@types/react-dom/-/react-dom-17.0.1.tgz#d92d77d020bfb083e07cc8e0ac9f933599a4d56a"
  integrity sha512-yIVyopxQb8IDZ7SOHeTovurFq+fXiPICa+GV3gp0Xedsl+MwQlMLKmvrnEjFbQxjliH5YVAEWFh975eVNmKj7Q==
  dependencies:
    "@types/react" "*"

"@types/react-select@^4.0.12":
  version "4.0.13"
  resolved "https://registry.yarnpkg.com/@types/react-select/-/react-select-4.0.13.tgz#8d2c41a0df7fbf67ab0b995797b0e9b4e6b38cde"
  integrity sha512-rXYEc565IzzjgQzs9C0YCFxV/QajMZnCHG5QwRQ5BZMfH0Lj90VI/xohawemRkD46IvpaLRbO6xzSquJlgBGUA==
  dependencies:
    "@emotion/serialize" "^1.0.0"
    "@types/react" "*"
    "@types/react-dom" "*"
    "@types/react-transition-group" "*"

"@types/react-transition-group@*":
  version "4.4.1"
  resolved "https://registry.yarnpkg.com/@types/react-transition-group/-/react-transition-group-4.4.1.tgz#e1a3cb278df7f47f17b5082b1b3da17170bd44b1"
  integrity sha512-vIo69qKKcYoJ8wKCJjwSgCTM+z3chw3g18dkrDfVX665tMH7tmbDxEAnPdey4gTlwZz5QuHGzd+hul0OVZDqqQ==
  dependencies:
    "@types/react" "*"

"@types/react@*":
  version "17.0.2"
  resolved "https://registry.yarnpkg.com/@types/react/-/react-17.0.2.tgz#3de24c4efef902dd9795a49c75f760cbe4f7a5a8"
  integrity sha512-Xt40xQsrkdvjn1EyWe1Bc0dJLcil/9x2vAuW7ya+PuQip4UYUaXyhzWmAbwRsdMgwOFHpfp7/FFZebDU6Y8VHA==
  dependencies:
    "@types/prop-types" "*"
    csstype "^3.0.2"

"@types/reactcss@*":
  version "1.2.3"
  resolved "https://registry.yarnpkg.com/@types/reactcss/-/reactcss-1.2.3.tgz#af28ae11bbb277978b99d04d1eedfd068ca71834"
  integrity sha512-d2gQQ0IL6hXLnoRfVYZukQNWHuVsE75DzFTLPUuyyEhJS8G2VvlE+qfQQ91SJjaMqlURRCNIsX7Jcsw6cEuJlA==
  dependencies:
    "@types/react" "*"

csstype@^3.0.2:
  version "3.0.6"
  resolved "https://registry.yarnpkg.com/csstype/-/csstype-3.0.6.tgz#865d0b5833d7d8d40f4e5b8a6d76aea3de4725ef"
  integrity sha512-+ZAmfyWMT7TiIlzdqJgjMb7S4f1beorDbWbsocyK4RaiqA5RTX3K14bnBWmmA9QEM0gRdsjyyrEmcyga8Zsxmw==

d3-array@^2.8.0:
  version "2.11.0"
  resolved "https://registry.yarnpkg.com/d3-array/-/d3-array-2.11.0.tgz#5ed6a2869bc7d471aec8df9ff6ed9fef798facc4"
  integrity sha512-26clcwmHQEdsLv34oNKq5Ia9tQ26Y/4HqS3dQzF42QBUqymZJ+9PORcN1G52bt37NsL2ABoX4lvyYZc+A9Y0zw==
  dependencies:
    internmap "^1.0.0"

dom-helpers@^5.0.1:
  version "5.2.0"
  resolved "https://registry.yarnpkg.com/dom-helpers/-/dom-helpers-5.2.0.tgz#57fd054c5f8f34c52a3eeffdb7e7e93cd357d95b"
  integrity sha512-Ru5o9+V8CpunKnz5LGgWXkmrH/20cGKwcHwS4m73zIvs54CN9epEmT/HLqFJW3kXpakAFkEdzgy1hzlJe3E4OQ==
  dependencies:
    "@babel/runtime" "^7.8.7"
    csstype "^3.0.2"

gl-matrix@^3.3.0:
  version "3.3.0"
  resolved "https://registry.yarnpkg.com/gl-matrix/-/gl-matrix-3.3.0.tgz#232eef60b1c8b30a28cbbe75b2caf6c48fd6358b"
  integrity sha512-COb7LDz+SXaHtl/h4LeaFcNdJdAQSDeVqjiIihSXNrkWObZLhDI4hIkZC11Aeqp7bcE72clzB0BnDXr2SmslRA==

hex-rgb@^4.2.0:
  version "4.2.0"
  resolved "https://registry.yarnpkg.com/hex-rgb/-/hex-rgb-4.2.0.tgz#fb377f2e5658fc924f1efa189685922e56ecaf0f"
  integrity sha512-I7DkKeQ2kR2uyqgbxPgNgClH/rfs1ioKZhZW8VTIAirsxCR5EyhYeywgZbhMScgUbKCkgo6bb6JwA0CLTn9beA==

hoist-non-react-statics@^3.3.1:
  version "3.3.2"
  resolved "https://registry.yarnpkg.com/hoist-non-react-statics/-/hoist-non-react-statics-3.3.2.tgz#ece0acaf71d62c2969c2ec59feff42a4b1a85b45"
  integrity sha512-/gGivxi8JPKWNm/W0jSmzcMPpfpPLc3dY/6GxhX2hQ9iGj3aDfklV4ET7NjKpSinLpJ5vafa9iiGIEZg10SfBw==
  dependencies:
    react-is "^16.7.0"

internmap@^1.0.0:
  version "1.0.0"
  resolved "https://registry.yarnpkg.com/internmap/-/internmap-1.0.0.tgz#3c6bf0944b0eae457698000412108752bbfddb56"
  integrity sha512-SdoDWwNOTE2n4JWUsLn4KXZGuZPjPF9yyOGc8bnfWnBQh7BD/l80rzSznKc/r4Y0aQ7z3RTk9X+tV4tHBpu+dA==

"js-tokens@^3.0.0 || ^4.0.0":
  version "4.0.0"
  resolved "https://registry.yarnpkg.com/js-tokens/-/js-tokens-4.0.0.tgz#19203fb59991df98e3a287050d4647cdeaf32499"
  integrity sha512-RdJUflcE3cUzKiMqQgsCu06FPu9UdIJO0beYbPhHN4k6apgJtifcoCtT9bcxOpYBtpD2kCM6Sbzg4CausW/PKQ==

lodash-es@^4.17.15:
  version "4.17.21"
  resolved "https://registry.yarnpkg.com/lodash-es/-/lodash-es-4.17.21.tgz#43e626c46e6591b7750beb2b50117390c609e3ee"
  integrity sha512-mKnC+QJ9pWVzv+C4/U3rRsHapFfHvQFoFB92e52xeyGMcX6/OlIl78je1u8vePzYZSkkogMPJ2yjxxsb89cxyw==

lodash.throttle@^4.1.1:
  version "4.1.1"
  resolved "https://registry.yarnpkg.com/lodash.throttle/-/lodash.throttle-4.1.1.tgz#c23e91b710242ac70c37f1e1cda9274cc39bf2f4"
  integrity sha1-wj6RtxAkKscMN/HhzaknTMOb8vQ=

lodash@^4.0.1, lodash@^4.17.15:
  version "4.17.21"
  resolved "https://registry.yarnpkg.com/lodash/-/lodash-4.17.21.tgz#679591c564c3bffaae8454cf0b3df370c3d6911c"
  integrity sha512-v2kDEe57lecTulaDIuNTPy3Ry4gLGJ6Z1O3vE1krgXZNrsQ+LFTGHVxVjcXPs17LhbZVGedAJv8XZ1tvj5FvSg==

loose-envify@^1.0.0, loose-envify@^1.1.0, loose-envify@^1.4.0:
  version "1.4.0"
  resolved "https://registry.yarnpkg.com/loose-envify/-/loose-envify-1.4.0.tgz#71ee51fa7be4caec1a63839f7e682d8132d30caf"
  integrity sha512-lyuxPGr/Wfhrlem2CL/UcnUc1zcqKAImBDzukY7Y5F/yQiNdko6+fRLevlw1HgMySw7f611UIY408EtxRSoK3Q==
  dependencies:
    js-tokens "^3.0.0 || ^4.0.0"

material-colors@^1.2.1:
  version "1.2.6"
  resolved "https://registry.yarnpkg.com/material-colors/-/material-colors-1.2.6.tgz#6d1958871126992ceecc72f4bcc4d8f010865f46"
  integrity sha512-6qE4B9deFBIa9YSpOc9O0Sgc43zTeVYbgDT5veRKSlB2+ZuHNoVVxA1L/ckMUayV9Ay9y7Z/SZCLcGteW9i7bg==

memoize-one@^5.0.0:
  version "5.1.1"
  resolved "https://registry.yarnpkg.com/memoize-one/-/memoize-one-5.1.1.tgz#047b6e3199b508eaec03504de71229b8eb1d75c0"
  integrity sha512-HKeeBpWvqiVJD57ZUAsJNm71eHTykffzcLZVYWiVfQeI1rJtuEaS7hQiEpWfVVk18donPwJEcFKIkCmPJNOhHA==

object-assign@^4.1.1:
  version "4.1.1"
  resolved "https://registry.yarnpkg.com/object-assign/-/object-assign-4.1.1.tgz#2109adc7965887cfc05cbbd442cac8bfbb360863"
  integrity sha1-IQmtx5ZYh8/AXLvUQsrIv7s2CGM=

prop-types@^15.5.10, prop-types@^15.5.8, prop-types@^15.6.0, prop-types@^15.6.2, prop-types@^15.7.2:
  version "15.7.2"
  resolved "https://registry.yarnpkg.com/prop-types/-/prop-types-15.7.2.tgz#52c41e75b8c87e72b9d9360e0206b99dcbffa6c5"
  integrity sha512-8QQikdH7//R2vurIJSutZ1smHYTcLpRWEOlHnzcWHmBYrOGUysKwSsrC89BCiFj3CbrfJ/nXFdJepOVrY1GCHQ==
  dependencies:
    loose-envify "^1.4.0"
    object-assign "^4.1.1"
    react-is "^16.8.1"

react-color@^2.19.3:
  version "2.19.3"
  resolved "https://registry.yarnpkg.com/react-color/-/react-color-2.19.3.tgz#ec6c6b4568312a3c6a18420ab0472e146aa5683d"
  integrity sha512-LEeGE/ZzNLIsFWa1TMe8y5VYqr7bibneWmvJwm1pCn/eNmrabWDh659JSPn9BuaMpEfU83WTOJfnCcjDZwNQTA==
  dependencies:
    "@icons/material" "^0.2.4"
    lodash "^4.17.15"
    lodash-es "^4.17.15"
    material-colors "^1.2.1"
    prop-types "^15.5.10"
    reactcss "^1.2.0"
    tinycolor2 "^1.4.1"

react-compound-slider@^3.3.1:
  version "3.3.1"
  resolved "https://registry.yarnpkg.com/react-compound-slider/-/react-compound-slider-3.3.1.tgz#1c1fc07873dc70f7bd93510d1f2372ac3062c15b"
  integrity sha512-1t0nCA0FXfe2hbuJG8VODTrN29FVTp1e2AuR8fRtF/J08/1q1F6OzDhHQqXqYl7O58i8Hei6oCAh4NQ6Kg90Rw==
  dependencies:
    "@babel/runtime" "^7.12.5"
    d3-array "^2.8.0"
    warning "^4.0.3"

react-input-autosize@^3.0.0:
  version "3.0.0"
  resolved "https://registry.yarnpkg.com/react-input-autosize/-/react-input-autosize-3.0.0.tgz#6b5898c790d4478d69420b55441fcc31d5c50a85"
  integrity sha512-nL9uS7jEs/zu8sqwFE5MAPx6pPkNAriACQ2rGLlqmKr2sPGtN7TXTyDdQt4lbNXVx7Uzadb40x8qotIuru6Rhg==
  dependencies:
    prop-types "^15.5.8"

react-is@^16.7.0, react-is@^16.8.1:
  version "16.13.1"
  resolved "https://registry.yarnpkg.com/react-is/-/react-is-16.13.1.tgz#789729a4dc36de2999dc156dd6c1d9c18cea56a4"
  integrity sha512-24e6ynE2H+OKt4kqsOvNd8kBpV65zoxbA4BVsEOB3ARVWQki/DHzaUoC5KuON/BiccDaCCTZBuOcfZs70kR8bQ==

react-reconciler@0.20.4:
  version "0.20.4"
  resolved "https://registry.yarnpkg.com/react-reconciler/-/react-reconciler-0.20.4.tgz#3da6a95841592f849cb4edd3d38676c86fd920b2"
  integrity sha512-kxERc4H32zV2lXMg/iMiwQHOtyqf15qojvkcZ5Ja2CPkjVohHw9k70pdDBwrnQhLVetUJBSYyqU3yqrlVTOajA==
  dependencies:
    loose-envify "^1.1.0"
    object-assign "^4.1.1"
    prop-types "^15.6.2"
    scheduler "^0.13.6"

react-select@^4.0.2:
  version "4.1.0"
  resolved "https://registry.yarnpkg.com/react-select/-/react-select-4.1.0.tgz#7ce06b4e8e79b8f58d09a15d25c705abb1ac4885"
  integrity sha512-OYn+jL8TXMMaZtosErpkdvoI1UWN4ZqMFulIRp5r5bbuqe4OaZN7yv1BNq7PdAJgRu2E19ODFiV1SgJ6wPUaeA==
  dependencies:
    "@babel/runtime" "^7.12.0"
    "@emotion/cache" "^11.0.0"
    "@emotion/react" "^11.1.1"
    memoize-one "^5.0.0"
    prop-types "^15.6.0"
    react-input-autosize "^3.0.0"
    react-transition-group "^4.3.0"

react-transition-group@^4.3.0:
  version "4.4.1"
  resolved "https://registry.yarnpkg.com/react-transition-group/-/react-transition-group-4.4.1.tgz#63868f9325a38ea5ee9535d828327f85773345c9"
  integrity sha512-Djqr7OQ2aPUiYurhPalTrVy9ddmFCCzwhqQmtN+J3+3DzLO209Fdr70QrN8Z3DsglWql6iY1lDWAfpFiBtuKGw==
  dependencies:
    "@babel/runtime" "^7.5.5"
    dom-helpers "^5.0.1"
    loose-envify "^1.4.0"
    prop-types "^15.6.2"

reactcss@^1.2.0:
  version "1.2.3"
  resolved "https://registry.yarnpkg.com/reactcss/-/reactcss-1.2.3.tgz#c00013875e557b1cf0dfd9a368a1c3dab3b548dd"
  integrity sha512-KiwVUcFu1RErkI97ywr8nvx8dNOpT03rbnma0SSalTYjkrPYaEajR4a/MRt6DZ46K6arDRbWMNHF+xH7G7n/8A==
  dependencies:
    lodash "^4.0.1"

regenerator-runtime@^0.13.4:
  version "0.13.7"
  resolved "https://registry.yarnpkg.com/regenerator-runtime/-/regenerator-runtime-0.13.7.tgz#cac2dacc8a1ea675feaabaeb8ae833898ae46f55"
  integrity sha512-a54FxoJDIr27pgf7IgeQGxmqUNYrcV338lf/6gH456HZ/PhX+5BcwHXG9ajESmwe6WRO0tAzRUrRmNONWgkrew==

rgb-hex@^3.0.0:
  version "3.0.0"
  resolved "https://registry.yarnpkg.com/rgb-hex/-/rgb-hex-3.0.0.tgz#eab0168cc1279563b18a14605315389142e2e487"
  integrity sha512-8h7ZcwxCBDKvchSWbWngJuSCqJGQ6nDuLLg+QcRyQDbX9jMWt+PpPeXAhSla0GOooEomk3lCprUpGkMdsLjKyg==

scheduler@0.13.2:
  version "0.13.2"
  resolved "https://registry.yarnpkg.com/scheduler/-/scheduler-0.13.2.tgz#969eaee2764a51d2e97b20a60963b2546beff8fa"
  integrity sha512-qK5P8tHS7vdEMCW5IPyt8v9MJOHqTrOUgPXib7tqm9vh834ibBX5BNhwkplX/0iOzHW5sXyluehYfS9yrkz9+w==
  dependencies:
    loose-envify "^1.1.0"
    object-assign "^4.1.1"

scheduler@^0.13.6:
  version "0.13.6"
  resolved "https://registry.yarnpkg.com/scheduler/-/scheduler-0.13.6.tgz#466a4ec332467b31a91b9bf74e5347072e4cd889"
  integrity sha512-IWnObHt413ucAYKsD9J1QShUKkbKLQQHdxRyw73sw4FN26iWr3DY/H34xGPe4nmL1DwXyWmSWmMrA9TfQbE/XQ==
  dependencies:
    loose-envify "^1.1.0"
    object-assign "^4.1.1"

stylis@^4.0.3:
  version "4.0.7"
  resolved "https://registry.yarnpkg.com/stylis/-/stylis-4.0.7.tgz#412a90c28079417f3d27c028035095e4232d2904"
  integrity sha512-OFFeUXFgwnGOKvEXaSv0D0KQ5ADP0n6g3SVONx6I/85JzNZ3u50FRwB3lVIk1QO2HNdI75tbVzc4Z66Gdp9voA==

tinycolor2@^1.4.1:
  version "1.4.2"
  resolved "https://registry.yarnpkg.com/tinycolor2/-/tinycolor2-1.4.2.tgz#3f6a4d1071ad07676d7fa472e1fac40a719d8803"
  integrity sha512-vJhccZPs965sV/L2sU4oRQVAos0pQXwsvTLkWYdqJ+a8Q5kPFzJTuOFwy7UniPli44NKQGAglksjvOcpo95aZA==

warning@^4.0.3:
  version "4.0.3"
  resolved "https://registry.yarnpkg.com/warning/-/warning-4.0.3.tgz#16e9e077eb8a86d6af7d64aa1e05fd85b4678ca3"
  integrity sha512-rpJyN222KWIvHJ/F53XSZv0Zl/accqHR8et1kpaMTD/fLCRxtV8iX8czMzY7sVZupTI3zcUTg8eycS2kNF9l6w==
  dependencies:
    loose-envify "^1.0.0"
